
Microsoft Visual Studio Solution File, Format Version 12.00
# Visual Studio Version 17
VisualStudioVersion = 17.5.33516.290
MinimumVisualStudioVersion = 10.0.40219.1
Project("{9A19103F-16F7-4668-BE54-9A1E7A4F7556}") = "Model", "Model\Model.csproj", "{793B4C49-FF51-42DE-AC37-DB460136B5B1}"
EndProject
Project("{9A19103F-16F7-4668-BE54-9A1E7A4F7556}") = "View", "View\View.csproj", "{0003EAD1-34B9-4FCB-A4D1-A6E2054B8542}"
EndProject
Project("{9A19103F-16F7-4668-BE54-9A1E7A4F7556}") = "ViewModel", "ViewModel\ViewModel.csproj", "{7C0FAA05-7E52-4D6E-8964-3EC9422D007F}"
EndProject
Global
	GlobalSection(SolutionConfigurationPlatforms) = preSolution
		Debug|Any CPU = Debug|Any CPU
		Release|Any CPU = Release|Any CPU
	EndGlobalSection
	GlobalSection(ProjectConfigurationPlatforms) = postSolution
		{793B4C49-FF51-42DE-AC37-DB460136B5B1}.Debug|Any CPU.ActiveCfg = Debug|Any CPU
		{793B4C49-FF51-42DE-AC37-DB460136B5B1}.Debug|Any CPU.Build.0 = Debug|Any CPU
		{793B4C49-FF51-42DE-AC37-DB460136B5B1}.Release|Any CPU.ActiveCfg = Release|Any CPU
		{793B4C49-FF51-42DE-AC37-DB460136B5B1}.Release|Any CPU.Build.0 = Release|Any CPU
		{0003EAD1-34B9-4FCB-A4D1-A6E2054B8542}.Debug|Any CPU.ActiveCfg = Debug|Any CPU
		{0003EAD1-34B9-4FCB-A4D1-A6E2054B8542}.Debug|Any CPU.Build.0 = Debug|Any CPU
		{0003EAD1-34B9-4FCB-A4D1-A6E2054B8542}.Release|Any CPU.ActiveCfg = Release|Any CPU
		{0003EAD1-34B9-4FCB-A4D1-A6E2054B8542}.Release|Any CPU.Build.0 = Release|Any CPU
		{7C0FAA05-7E52-4D6E-8964-3EC9422D007F}.Debug|Any CPU.ActiveCfg = Debug|Any CPU
		{7C0FAA05-7E52-4D6E-8964-3EC9422D007F}.Debug|Any CPU.Build.0 = Debug|Any CPU
		{7C0FAA05-7E52-4D6E-8964-3EC9422D007F}.Release|Any CPU.ActiveCfg = Release|Any CPU
		{7C0FAA05-7E52-4D6E-8964-3EC9422D007F}.Release|Any CPU.Build.0 = Release|Any CPU
	EndGlobalSection
	GlobalSection(SolutionProperties) = preSolution
		HideSolutionNode = FALSE
	EndGlobalSection
	GlobalSection(ExtensibilityGlobals) = postSolution
		SolutionGuid = {DD6A9DE0-D88C-4150-8D64-B73261F3A111}
	EndGlobalSection
EndGlobal
